
Microsoft Visual Studio Solution File, Format Version 12.00
Project("{FAE04EC0-301F-11D3-BF4B-00C04F79EFBC}") = "SidecarService", "SidecarService\SidecarService.csproj", "{1576BB48-6FD1-45D8-AF72-1B11AE649E21}"
EndProject
Global
	GlobalSection(SolutionConfigurationPlatforms) = preSolution
		Debug|Any CPU = Debug|Any CPU
		Release|Any CPU = Release|Any CPU
	EndGlobalSection
	GlobalSection(ProjectConfigurationPlatforms) = postSolution
		{1576BB48-6FD1-45D8-AF72-1B11AE649E21}.Debug|Any CPU.ActiveCfg = Debug|Any CPU
		{1576BB48-6FD1-45D8-AF72-1B11AE649E21}.Debug|Any CPU.Build.0 = Debug|Any CPU
		{1576BB48-6FD1-45D8-AF72-1B11AE649E21}.Release|Any CPU.ActiveCfg = Release|Any CPU
		{1576BB48-6FD1-45D8-AF72-1B11AE649E21}.Release|Any CPU.Build.0 = Release|Any CPU
	EndGlobalSection
	GlobalSection(RiderSharedRunConfigurations) = postSolution
	EndGlobalSection
EndGlobal
